
Microsoft Visual Studio Solution File, Format Version 12.00
# Visual Studio Version 17
VisualStudioVersion = 17.11.35327.3
MinimumVisualStudioVersion = 10.0.40219.1
Project("{FAE04EC0-301F-11D3-BF4B-00C04F79EFBC}") = "ImageResizeTest", "ImageResizeTest.csproj", "{B121B9E4-4C78-4F2B-AEED-E6506C0498EB}"
EndProject
Global
	GlobalSection(SolutionConfigurationPlatforms) = preSolution
		Debug|Any CPU = Debug|Any CPU
		Release|Any CPU = Release|Any CPU
	EndGlobalSection
	GlobalSection(ProjectConfigurationPlatforms) = postSolution
		{B121B9E4-4C78-4F2B-AEED-E6506C0498EB}.Debug|Any CPU.ActiveCfg = Debug|Any CPU
		{B121B9E4-4C78-4F2B-AEED-E6506C0498EB}.Debug|Any CPU.Build.0 = Debug|Any CPU
		{B121B9E4-4C78-4F2B-AEED-E6506C0498EB}.Release|Any CPU.ActiveCfg = Release|Any CPU
		{B121B9E4-4C78-4F2B-AEED-E6506C0498EB}.Release|Any CPU.Build.0 = Release|Any CPU
	EndGlobalSection
	GlobalSection(SolutionProperties) = preSolution
		HideSolutionNode = FALSE
	EndGlobalSection
	GlobalSection(ExtensibilityGlobals) = postSolution
		SolutionGuid = {6BBD05E2-AB1E-445E-A7CC-B5029014975D}
	EndGlobalSection
EndGlobal
